
Microsoft Visual Studio Solution File, Format Version 12.00
# Visual Studio 15
VisualStudioVersion = 15.0.28307.1525
MinimumVisualStudioVersion = 10.0.40219.1
Project("{888888A0-9F3D-457C-B088-3A5042F75D52}") = "ggplot_example01", "ggplot_example01\ggplot_example01.pyproj", "{D464ABAC-42C6-4FC9-AE94-7E3D5ABDBF5B}"
EndProject
Global
	GlobalSection(SolutionConfigurationPlatforms) = preSolution
		Debug|Any CPU = Debug|Any CPU
		Release|Any CPU = Release|Any CPU
	EndGlobalSection
	GlobalSection(ProjectConfigurationPlatforms) = postSolution
		{D464ABAC-42C6-4FC9-AE94-7E3D5ABDBF5B}.Debug|Any CPU.ActiveCfg = Debug|Any CPU
		{D464ABAC-42C6-4FC9-AE94-7E3D5ABDBF5B}.Release|Any CPU.ActiveCfg = Release|Any CPU
	EndGlobalSection
	GlobalSection(SolutionProperties) = preSolution
		HideSolutionNode = FALSE
	EndGlobalSection
	GlobalSection(ExtensibilityGlobals) = postSolution
		SolutionGuid = {B12F851B-1DFC-48B8-A8DE-C0C8FF2E79FF}
	EndGlobalSection
EndGlobal
