
Microsoft Visual Studio Solution File, Format Version 12.00
# Visual Studio 15
VisualStudioVersion = 15.0.28307.1525
MinimumVisualStudioVersion = 10.0.40219.1
Project("{888888A0-9F3D-457C-B088-3A5042F75D52}") = "make_word", "make_word\make_word.pyproj", "{0D095EA5-2F67-4E8A-8E92-24D691008387}"
EndProject
Global
	GlobalSection(SolutionConfigurationPlatforms) = preSolution
		Debug|Any CPU = Debug|Any CPU
		Release|Any CPU = Release|Any CPU
	EndGlobalSection
	GlobalSection(ProjectConfigurationPlatforms) = postSolution
		{0D095EA5-2F67-4E8A-8E92-24D691008387}.Debug|Any CPU.ActiveCfg = Debug|Any CPU
		{0D095EA5-2F67-4E8A-8E92-24D691008387}.Release|Any CPU.ActiveCfg = Release|Any CPU
	EndGlobalSection
	GlobalSection(SolutionProperties) = preSolution
		HideSolutionNode = FALSE
	EndGlobalSection
	GlobalSection(ExtensibilityGlobals) = postSolution
		SolutionGuid = {489D3298-747E-4985-BB5F-891581666DF1}
	EndGlobalSection
EndGlobal
