
Microsoft Visual Studio Solution File, Format Version 12.00
# Visual Studio 15
VisualStudioVersion = 15.0.28307.1525
MinimumVisualStudioVersion = 10.0.40219.1
Project("{888888A0-9F3D-457C-B088-3A5042F75D52}") = "data_vis_example02", "data_vis_example02\data_vis_example02.pyproj", "{0DDC7BA1-6635-4C6B-8B2E-233F54CEAF8B}"
EndProject
Global
	GlobalSection(SolutionConfigurationPlatforms) = preSolution
		Debug|Any CPU = Debug|Any CPU
		Release|Any CPU = Release|Any CPU
	EndGlobalSection
	GlobalSection(ProjectConfigurationPlatforms) = postSolution
		{0DDC7BA1-6635-4C6B-8B2E-233F54CEAF8B}.Debug|Any CPU.ActiveCfg = Debug|Any CPU
		{0DDC7BA1-6635-4C6B-8B2E-233F54CEAF8B}.Release|Any CPU.ActiveCfg = Release|Any CPU
	EndGlobalSection
	GlobalSection(SolutionProperties) = preSolution
		HideSolutionNode = FALSE
	EndGlobalSection
	GlobalSection(ExtensibilityGlobals) = postSolution
		SolutionGuid = {8052E5C1-8B29-43CF-AE87-B20417815DDE}
	EndGlobalSection
EndGlobal
