
Microsoft Visual Studio Solution File, Format Version 12.00
# Visual Studio 15
VisualStudioVersion = 15.0.28307.1525
MinimumVisualStudioVersion = 10.0.40219.1
Project("{888888A0-9F3D-457C-B088-3A5042F75D52}") = "seaborn_example01", "seaborn_example01\seaborn_example01.pyproj", "{898F4187-1EBC-40B1-B836-7DDD50FC8597}"
EndProject
Global
	GlobalSection(SolutionConfigurationPlatforms) = preSolution
		Debug|Any CPU = Debug|Any CPU
		Release|Any CPU = Release|Any CPU
	EndGlobalSection
	GlobalSection(ProjectConfigurationPlatforms) = postSolution
		{898F4187-1EBC-40B1-B836-7DDD50FC8597}.Debug|Any CPU.ActiveCfg = Debug|Any CPU
		{898F4187-1EBC-40B1-B836-7DDD50FC8597}.Release|Any CPU.ActiveCfg = Release|Any CPU
	EndGlobalSection
	GlobalSection(SolutionProperties) = preSolution
		HideSolutionNode = FALSE
	EndGlobalSection
	GlobalSection(ExtensibilityGlobals) = postSolution
		SolutionGuid = {ECF3C831-0057-4740-9947-46142EB69EC8}
	EndGlobalSection
EndGlobal
