
Microsoft Visual Studio Solution File, Format Version 12.00
# Visual Studio 15
VisualStudioVersion = 15.0.28307.1525
MinimumVisualStudioVersion = 10.0.40219.1
Project("{888888A0-9F3D-457C-B088-3A5042F75D52}") = "numpy_example05", "numpy_example05\numpy_example05.pyproj", "{A1174B24-3F46-4B09-918C-2BF56D11C93B}"
EndProject
Global
	GlobalSection(SolutionConfigurationPlatforms) = preSolution
		Debug|Any CPU = Debug|Any CPU
		Release|Any CPU = Release|Any CPU
	EndGlobalSection
	GlobalSection(ProjectConfigurationPlatforms) = postSolution
		{A1174B24-3F46-4B09-918C-2BF56D11C93B}.Debug|Any CPU.ActiveCfg = Debug|Any CPU
		{A1174B24-3F46-4B09-918C-2BF56D11C93B}.Release|Any CPU.ActiveCfg = Release|Any CPU
	EndGlobalSection
	GlobalSection(SolutionProperties) = preSolution
		HideSolutionNode = FALSE
	EndGlobalSection
	GlobalSection(ExtensibilityGlobals) = postSolution
		SolutionGuid = {0D692B7E-E4D0-446F-8978-9FA5A2C1068C}
	EndGlobalSection
EndGlobal
